
Microsoft Visual Studio Solution File, Format Version 12.00
# Visual Studio Version 16
VisualStudioVersion = 16.0.31829.152
MinimumVisualStudioVersion = 10.0.40219.1
Project("{8BC9CEB8-8B4A-11D0-8D11-00A0C91BC942}") = "KYHThreadWash", "KYHThreadWash\KYHThreadWash.vcxproj", "{5A983FC7-86D4-4006-890D-9A510B222DBF}"
EndProject
Global
	GlobalSection(SolutionConfigurationPlatforms) = preSolution
		Debug|x64 = Debug|x64
		Release|x64 = Release|x64
	EndGlobalSection
	GlobalSection(ProjectConfigurationPlatforms) = postSolution
		{5A983FC7-86D4-4006-890D-9A510B222DBF}.Debug|x64.ActiveCfg = Debug|x64
		{5A983FC7-86D4-4006-890D-9A510B222DBF}.Debug|x64.Build.0 = Debug|x64
		{5A983FC7-86D4-4006-890D-9A510B222DBF}.Release|x64.ActiveCfg = Release|x64
		{5A983FC7-86D4-4006-890D-9A510B222DBF}.Release|x64.Build.0 = Release|x64
	EndGlobalSection
	GlobalSection(SolutionProperties) = preSolution
		HideSolutionNode = FALSE
	EndGlobalSection
	GlobalSection(ExtensibilityGlobals) = postSolution
		SolutionGuid = {7AC27D00-389B-4FBA-99BA-E58111253389}
	EndGlobalSection
EndGlobal
